
Microsoft Visual Studio Solution File, Format Version 12.00
Project("{FAE04EC0-301F-11D3-BF4B-00C04F79EFBC}") = "TicketSystem", "TicketSystem\TicketSystem.csproj", "{8B963CE1-0AD9-4285-8231-CECE65A35DC8}"
EndProject
Project("{FAE04EC0-301F-11D3-BF4B-00C04F79EFBC}") = "TicketSystem.Test", "TicketSystem.Test\TicketSystem.Test.csproj", "{60169265-3D16-40E8-B11E-929642CD058D}"
EndProject
Global
	GlobalSection(SolutionConfigurationPlatforms) = preSolution
		Debug|Any CPU = Debug|Any CPU
		Release|Any CPU = Release|Any CPU
	EndGlobalSection
	GlobalSection(ProjectConfigurationPlatforms) = postSolution
		{8B963CE1-0AD9-4285-8231-CECE65A35DC8}.Debug|Any CPU.ActiveCfg = Debug|Any CPU
		{8B963CE1-0AD9-4285-8231-CECE65A35DC8}.Debug|Any CPU.Build.0 = Debug|Any CPU
		{8B963CE1-0AD9-4285-8231-CECE65A35DC8}.Release|Any CPU.ActiveCfg = Release|Any CPU
		{8B963CE1-0AD9-4285-8231-CECE65A35DC8}.Release|Any CPU.Build.0 = Release|Any CPU
		{60169265-3D16-40E8-B11E-929642CD058D}.Debug|Any CPU.ActiveCfg = Debug|Any CPU
		{60169265-3D16-40E8-B11E-929642CD058D}.Debug|Any CPU.Build.0 = Debug|Any CPU
		{60169265-3D16-40E8-B11E-929642CD058D}.Release|Any CPU.ActiveCfg = Release|Any CPU
		{60169265-3D16-40E8-B11E-929642CD058D}.Release|Any CPU.Build.0 = Release|Any CPU
	EndGlobalSection
EndGlobal
